
Microsoft Visual Studio Solution File, Format Version 12.00
# Visual Studio 2013
VisualStudioVersion = 12.0.31101.0
MinimumVisualStudioVersion = 10.0.40219.1
Project("{FAE04EC0-301F-11D3-BF4B-00C04F79EFBC}") = "PowerBIConnectionManager", "PowerBIConnectionManager\PowerBIConnectionManager.csproj", "{149C1402-DDDB-4F84-A41B-54D771382AB6}"
EndProject
Project("{FAE04EC0-301F-11D3-BF4B-00C04F79EFBC}") = "PowerBIAdapter2014", "PowerBIAdapter2014\PowerBIAdapter2014.csproj", "{FCE864A7-7B0C-48A5-9F79-F92AF2402082}"
EndProject
Project("{6141683F-8A12-4E36-9623-2EB02B2C2303}") = "Setup2014_x64", "Setup2014_x64\Setup2014_x64.isproj", "{DD92FBAB-2757-4D2E-8DBD-6750823BF12D}"
EndProject
Project("{6141683F-8A12-4E36-9623-2EB02B2C2303}") = "Setup2014_x86", "Setup2014\Setup2014_x86.isproj", "{77E4B543-CA52-4EA9-9905-F80BEA1D7A30}"
EndProject
Project("{6141683F-8A12-4E36-9623-2EB02B2C2303}") = "Setup2012_x86", "Setup2012_x86\Setup2012_x86.isproj", "{D76E1D80-2445-4954-9FF2-B0937998E037}"
EndProject
Project("{6141683F-8A12-4E36-9623-2EB02B2C2303}") = "Setup2012_x64", "Setup2012_x64\Setup2012_x64.isproj", "{6082086D-F917-41EB-BD51-86178DC8DBC3}"
EndProject
Project("{2150E333-8FDC-42A3-9474-1A3956D46DE8}") = "Installers", "Installers", "{E55C0163-7B2C-4FC1-BE26-02D0F6C35B85}"
	ProjectSection(SolutionItems) = preProject
		Installers\SSISPBAdapter_2012_x64.exe = Installers\SSISPBAdapter_2012_x64.exe
		Installers\SSISPBAdapter_2012_x86.exe = Installers\SSISPBAdapter_2012_x86.exe
	EndProjectSection
EndProject
Project("{911E67C6-3D85-4FCE-B560-20A9C3E3FF48}") = "SSISPBAdapter_2014_x86", "Installers\SSISPBAdapter_2014_x86.exe", "{A62F689B-D9C7-4313-8322-699A6414DDF1}"
	ProjectSection(DebuggerProjectSystem) = preProject
		PortSupplier = 00000000-0000-0000-0000-000000000000
		Executable = C:\Users\nicksav\Documents\Visual Studio 2013\Projects\SSISAdapterForPowerBI\Installers\SSISPBAdapter_2014_x86.exe
		RemoteMachine = MIS123
		StartingDirectory = C:\Users\nicksav\Documents\Visual Studio 2013\Projects\SSISAdapterForPowerBI\Installers
		Environment = Default
		LaunchingEngine = 00000000-0000-0000-0000-000000000000
		UseLegacyDebugEngines = No
		LaunchSQLEngine = No
		AttachLaunchAction = No
	EndProjectSection
EndProject
Project("{911E67C6-3D85-4FCE-B560-20A9C3E3FF48}") = "SSISPBAdapter_2014_x64", "Installers\SSISPBAdapter_2014_x64.exe", "{AD23B567-B4BC-49B3-915F-10A48927A66D}"
	ProjectSection(DebuggerProjectSystem) = preProject
		PortSupplier = 00000000-0000-0000-0000-000000000000
		Executable = C:\Users\nicksav\Documents\Visual Studio 2013\Projects\SSISAdapterForPowerBI\Installers\SSISPBAdapter_2014_x64.exe
		RemoteMachine = MIS123
		StartingDirectory = C:\Users\nicksav\Documents\Visual Studio 2013\Projects\SSISAdapterForPowerBI\Installers
		Environment = Default
		LaunchingEngine = 00000000-0000-0000-0000-000000000000
		UseLegacyDebugEngines = No
		LaunchSQLEngine = No
		AttachLaunchAction = No
	EndProjectSection
EndProject
Global
	GlobalSection(SolutionConfigurationPlatforms) = preSolution
		CD_ROM|Any CPU = CD_ROM|Any CPU
		CD_ROM|Mixed Platforms = CD_ROM|Mixed Platforms
		CD_ROM|x64 = CD_ROM|x64
		CD_ROM|x86 = CD_ROM|x86
		Debug|Any CPU = Debug|Any CPU
		Debug|Mixed Platforms = Debug|Mixed Platforms
		Debug|x64 = Debug|x64
		Debug|x86 = Debug|x86
		DVD-5|Any CPU = DVD-5|Any CPU
		DVD-5|Mixed Platforms = DVD-5|Mixed Platforms
		DVD-5|x64 = DVD-5|x64
		DVD-5|x86 = DVD-5|x86
		Release|Any CPU = Release|Any CPU
		Release|Mixed Platforms = Release|Mixed Platforms
		Release|x64 = Release|x64
		Release|x86 = Release|x86
		SingleImage|Any CPU = SingleImage|Any CPU
		SingleImage|Mixed Platforms = SingleImage|Mixed Platforms
		SingleImage|x64 = SingleImage|x64
		SingleImage|x86 = SingleImage|x86
	EndGlobalSection
	GlobalSection(ProjectConfigurationPlatforms) = postSolution
		{149C1402-DDDB-4F84-A41B-54D771382AB6}.CD_ROM|Any CPU.ActiveCfg = Release|Any CPU
		{149C1402-DDDB-4F84-A41B-54D771382AB6}.CD_ROM|Any CPU.Build.0 = Release|Any CPU
		{149C1402-DDDB-4F84-A41B-54D771382AB6}.CD_ROM|Mixed Platforms.ActiveCfg = Release|x86
		{149C1402-DDDB-4F84-A41B-54D771382AB6}.CD_ROM|Mixed Platforms.Build.0 = Release|x86
		{149C1402-DDDB-4F84-A41B-54D771382AB6}.CD_ROM|x64.ActiveCfg = Release|x64
		{149C1402-DDDB-4F84-A41B-54D771382AB6}.CD_ROM|x64.Build.0 = Release|x64
		{149C1402-DDDB-4F84-A41B-54D771382AB6}.CD_ROM|x86.ActiveCfg = Release|x86
		{149C1402-DDDB-4F84-A41B-54D771382AB6}.CD_ROM|x86.Build.0 = Release|x86
		{149C1402-DDDB-4F84-A41B-54D771382AB6}.Debug|Any CPU.ActiveCfg = Debug|Any CPU
		{149C1402-DDDB-4F84-A41B-54D771382AB6}.Debug|Any CPU.Build.0 = Debug|Any CPU
		{149C1402-DDDB-4F84-A41B-54D771382AB6}.Debug|Mixed Platforms.ActiveCfg = Debug|x86
		{149C1402-DDDB-4F84-A41B-54D771382AB6}.Debug|Mixed Platforms.Build.0 = Debug|x86
		{149C1402-DDDB-4F84-A41B-54D771382AB6}.Debug|x64.ActiveCfg = Debug|x64
		{149C1402-DDDB-4F84-A41B-54D771382AB6}.Debug|x64.Build.0 = Debug|x64
		{149C1402-DDDB-4F84-A41B-54D771382AB6}.Debug|x86.ActiveCfg = Debug|x86
		{149C1402-DDDB-4F84-A41B-54D771382AB6}.Debug|x86.Build.0 = Debug|x86
		{149C1402-DDDB-4F84-A41B-54D771382AB6}.DVD-5|Any CPU.ActiveCfg = Debug|Any CPU
		{149C1402-DDDB-4F84-A41B-54D771382AB6}.DVD-5|Any CPU.Build.0 = Debug|Any CPU
		{149C1402-DDDB-4F84-A41B-54D771382AB6}.DVD-5|Mixed Platforms.ActiveCfg = Debug|x86
		{149C1402-DDDB-4F84-A41B-54D771382AB6}.DVD-5|Mixed Platforms.Build.0 = Debug|x86
		{149C1402-DDDB-4F84-A41B-54D771382AB6}.DVD-5|x64.ActiveCfg = Debug|x64
		{149C1402-DDDB-4F84-A41B-54D771382AB6}.DVD-5|x64.Build.0 = Debug|x64
		{149C1402-DDDB-4F84-A41B-54D771382AB6}.DVD-5|x86.ActiveCfg = Debug|x86
		{149C1402-DDDB-4F84-A41B-54D771382AB6}.DVD-5|x86.Build.0 = Debug|x86
		{149C1402-DDDB-4F84-A41B-54D771382AB6}.Release|Any CPU.ActiveCfg = Release|Any CPU
		{149C1402-DDDB-4F84-A41B-54D771382AB6}.Release|Any CPU.Build.0 = Release|Any CPU
		{149C1402-DDDB-4F84-A41B-54D771382AB6}.Release|Mixed Platforms.ActiveCfg = Release|x86
		{149C1402-DDDB-4F84-A41B-54D771382AB6}.Release|Mixed Platforms.Build.0 = Release|x86
		{149C1402-DDDB-4F84-A41B-54D771382AB6}.Release|x64.ActiveCfg = Release|x64
		{149C1402-DDDB-4F84-A41B-54D771382AB6}.Release|x64.Build.0 = Release|x64
		{149C1402-DDDB-4F84-A41B-54D771382AB6}.Release|x86.ActiveCfg = Release|x86
		{149C1402-DDDB-4F84-A41B-54D771382AB6}.Release|x86.Build.0 = Release|x86
		{149C1402-DDDB-4F84-A41B-54D771382AB6}.SingleImage|Any CPU.ActiveCfg = Release|Any CPU
		{149C1402-DDDB-4F84-A41B-54D771382AB6}.SingleImage|Any CPU.Build.0 = Release|Any CPU
		{149C1402-DDDB-4F84-A41B-54D771382AB6}.SingleImage|Mixed Platforms.ActiveCfg = Release|x86
		{149C1402-DDDB-4F84-A41B-54D771382AB6}.SingleImage|Mixed Platforms.Build.0 = Release|x86
		{149C1402-DDDB-4F84-A41B-54D771382AB6}.SingleImage|x64.ActiveCfg = Release|x64
		{149C1402-DDDB-4F84-A41B-54D771382AB6}.SingleImage|x64.Build.0 = Release|x64
		{149C1402-DDDB-4F84-A41B-54D771382AB6}.SingleImage|x86.ActiveCfg = Release|x86
		{149C1402-DDDB-4F84-A41B-54D771382AB6}.SingleImage|x86.Build.0 = Release|x86
		{FCE864A7-7B0C-48A5-9F79-F92AF2402082}.CD_ROM|Any CPU.ActiveCfg = Release|Any CPU
		{FCE864A7-7B0C-48A5-9F79-F92AF2402082}.CD_ROM|Any CPU.Build.0 = Release|Any CPU
		{FCE864A7-7B0C-48A5-9F79-F92AF2402082}.CD_ROM|Mixed Platforms.ActiveCfg = Release|x86
		{FCE864A7-7B0C-48A5-9F79-F92AF2402082}.CD_ROM|Mixed Platforms.Build.0 = Release|x86
		{FCE864A7-7B0C-48A5-9F79-F92AF2402082}.CD_ROM|x64.ActiveCfg = Release|x64
		{FCE864A7-7B0C-48A5-9F79-F92AF2402082}.CD_ROM|x64.Build.0 = Release|x64
		{FCE864A7-7B0C-48A5-9F79-F92AF2402082}.CD_ROM|x86.ActiveCfg = Release|x86
		{FCE864A7-7B0C-48A5-9F79-F92AF2402082}.CD_ROM|x86.Build.0 = Release|x86
		{FCE864A7-7B0C-48A5-9F79-F92AF2402082}.Debug|Any CPU.ActiveCfg = Debug|Any CPU
		{FCE864A7-7B0C-48A5-9F79-F92AF2402082}.Debug|Any CPU.Build.0 = Debug|Any CPU
		{FCE864A7-7B0C-48A5-9F79-F92AF2402082}.Debug|Mixed Platforms.ActiveCfg = Debug|x86
		{FCE864A7-7B0C-48A5-9F79-F92AF2402082}.Debug|Mixed Platforms.Build.0 = Debug|x86
		{FCE864A7-7B0C-48A5-9F79-F92AF2402082}.Debug|x64.ActiveCfg = Debug|x64
		{FCE864A7-7B0C-48A5-9F79-F92AF2402082}.Debug|x64.Build.0 = Debug|x64
		{FCE864A7-7B0C-48A5-9F79-F92AF2402082}.Debug|x86.ActiveCfg = Debug|x86
		{FCE864A7-7B0C-48A5-9F79-F92AF2402082}.Debug|x86.Build.0 = Debug|x86
		{FCE864A7-7B0C-48A5-9F79-F92AF2402082}.DVD-5|Any CPU.ActiveCfg = Debug|Any CPU
		{FCE864A7-7B0C-48A5-9F79-F92AF2402082}.DVD-5|Any CPU.Build.0 = Debug|Any CPU
		{FCE864A7-7B0C-48A5-9F79-F92AF2402082}.DVD-5|Mixed Platforms.ActiveCfg = Debug|x86
		{FCE864A7-7B0C-48A5-9F79-F92AF2402082}.DVD-5|Mixed Platforms.Build.0 = Debug|x86
		{FCE864A7-7B0C-48A5-9F79-F92AF2402082}.DVD-5|x64.ActiveCfg = Debug|x64
		{FCE864A7-7B0C-48A5-9F79-F92AF2402082}.DVD-5|x64.Build.0 = Debug|x64
		{FCE864A7-7B0C-48A5-9F79-F92AF2402082}.DVD-5|x86.ActiveCfg = Debug|x86
		{FCE864A7-7B0C-48A5-9F79-F92AF2402082}.DVD-5|x86.Build.0 = Debug|x86
		{FCE864A7-7B0C-48A5-9F79-F92AF2402082}.Release|Any CPU.ActiveCfg = Release|Any CPU
		{FCE864A7-7B0C-48A5-9F79-F92AF2402082}.Release|Any CPU.Build.0 = Release|Any CPU
		{FCE864A7-7B0C-48A5-9F79-F92AF2402082}.Release|Mixed Platforms.ActiveCfg = Release|x86
		{FCE864A7-7B0C-48A5-9F79-F92AF2402082}.Release|Mixed Platforms.Build.0 = Release|x86
		{FCE864A7-7B0C-48A5-9F79-F92AF2402082}.Release|x64.ActiveCfg = Release|x64
		{FCE864A7-7B0C-48A5-9F79-F92AF2402082}.Release|x64.Build.0 = Release|x64
		{FCE864A7-7B0C-48A5-9F79-F92AF2402082}.Release|x86.ActiveCfg = Release|x86
		{FCE864A7-7B0C-48A5-9F79-F92AF2402082}.Release|x86.Build.0 = Release|x86
		{FCE864A7-7B0C-48A5-9F79-F92AF2402082}.SingleImage|Any CPU.ActiveCfg = Release|Any CPU
		{FCE864A7-7B0C-48A5-9F79-F92AF2402082}.SingleImage|Any CPU.Build.0 = Release|Any CPU
		{FCE864A7-7B0C-48A5-9F79-F92AF2402082}.SingleImage|Mixed Platforms.ActiveCfg = Release|x86
		{FCE864A7-7B0C-48A5-9F79-F92AF2402082}.SingleImage|Mixed Platforms.Build.0 = Release|x86
		{FCE864A7-7B0C-48A5-9F79-F92AF2402082}.SingleImage|x64.ActiveCfg = Release|x64
		{FCE864A7-7B0C-48A5-9F79-F92AF2402082}.SingleImage|x64.Build.0 = Release|x64
		{FCE864A7-7B0C-48A5-9F79-F92AF2402082}.SingleImage|x86.ActiveCfg = Release|x86
		{FCE864A7-7B0C-48A5-9F79-F92AF2402082}.SingleImage|x86.Build.0 = Release|x86
		{DD92FBAB-2757-4D2E-8DBD-6750823BF12D}.CD_ROM|Any CPU.ActiveCfg = CD_ROM
		{DD92FBAB-2757-4D2E-8DBD-6750823BF12D}.CD_ROM|Any CPU.Build.0 = CD_ROM
		{DD92FBAB-2757-4D2E-8DBD-6750823BF12D}.CD_ROM|Mixed Platforms.ActiveCfg = CD_ROM
		{DD92FBAB-2757-4D2E-8DBD-6750823BF12D}.CD_ROM|Mixed Platforms.Build.0 = CD_ROM
		{DD92FBAB-2757-4D2E-8DBD-6750823BF12D}.CD_ROM|x64.ActiveCfg = CD_ROM
		{DD92FBAB-2757-4D2E-8DBD-6750823BF12D}.CD_ROM|x64.Build.0 = CD_ROM
		{DD92FBAB-2757-4D2E-8DBD-6750823BF12D}.CD_ROM|x86.ActiveCfg = CD_ROM
		{DD92FBAB-2757-4D2E-8DBD-6750823BF12D}.CD_ROM|x86.Build.0 = CD_ROM
		{DD92FBAB-2757-4D2E-8DBD-6750823BF12D}.Debug|Any CPU.ActiveCfg = DVD-5
		{DD92FBAB-2757-4D2E-8DBD-6750823BF12D}.Debug|Any CPU.Build.0 = DVD-5
		{DD92FBAB-2757-4D2E-8DBD-6750823BF12D}.Debug|Mixed Platforms.ActiveCfg = DVD-5
		{DD92FBAB-2757-4D2E-8DBD-6750823BF12D}.Debug|Mixed Platforms.Build.0 = DVD-5
		{DD92FBAB-2757-4D2E-8DBD-6750823BF12D}.Debug|x64.ActiveCfg = DVD-5
		{DD92FBAB-2757-4D2E-8DBD-6750823BF12D}.Debug|x64.Build.0 = DVD-5
		{DD92FBAB-2757-4D2E-8DBD-6750823BF12D}.Debug|x86.ActiveCfg = DVD-5
		{DD92FBAB-2757-4D2E-8DBD-6750823BF12D}.Debug|x86.Build.0 = DVD-5
		{DD92FBAB-2757-4D2E-8DBD-6750823BF12D}.DVD-5|Any CPU.ActiveCfg = DVD-5
		{DD92FBAB-2757-4D2E-8DBD-6750823BF12D}.DVD-5|Any CPU.Build.0 = DVD-5
		{DD92FBAB-2757-4D2E-8DBD-6750823BF12D}.DVD-5|Mixed Platforms.ActiveCfg = DVD-5
		{DD92FBAB-2757-4D2E-8DBD-6750823BF12D}.DVD-5|Mixed Platforms.Build.0 = DVD-5
		{DD92FBAB-2757-4D2E-8DBD-6750823BF12D}.DVD-5|x64.ActiveCfg = DVD-5
		{DD92FBAB-2757-4D2E-8DBD-6750823BF12D}.DVD-5|x64.Build.0 = DVD-5
		{DD92FBAB-2757-4D2E-8DBD-6750823BF12D}.DVD-5|x86.ActiveCfg = DVD-5
		{DD92FBAB-2757-4D2E-8DBD-6750823BF12D}.DVD-5|x86.Build.0 = DVD-5
		{DD92FBAB-2757-4D2E-8DBD-6750823BF12D}.Release|Any CPU.ActiveCfg = SingleImage
		{DD92FBAB-2757-4D2E-8DBD-6750823BF12D}.Release|Any CPU.Build.0 = SingleImage
		{DD92FBAB-2757-4D2E-8DBD-6750823BF12D}.Release|Mixed Platforms.ActiveCfg = SingleImage
		{DD92FBAB-2757-4D2E-8DBD-6750823BF12D}.Release|Mixed Platforms.Build.0 = SingleImage
		{DD92FBAB-2757-4D2E-8DBD-6750823BF12D}.Release|x64.ActiveCfg = SingleImage
		{DD92FBAB-2757-4D2E-8DBD-6750823BF12D}.Release|x64.Build.0 = SingleImage
		{DD92FBAB-2757-4D2E-8DBD-6750823BF12D}.Release|x86.ActiveCfg = SingleImage
		{DD92FBAB-2757-4D2E-8DBD-6750823BF12D}.Release|x86.Build.0 = SingleImage
		{DD92FBAB-2757-4D2E-8DBD-6750823BF12D}.SingleImage|Any CPU.ActiveCfg = SingleImage
		{DD92FBAB-2757-4D2E-8DBD-6750823BF12D}.SingleImage|Any CPU.Build.0 = SingleImage
		{DD92FBAB-2757-4D2E-8DBD-6750823BF12D}.SingleImage|Mixed Platforms.ActiveCfg = SingleImage
		{DD92FBAB-2757-4D2E-8DBD-6750823BF12D}.SingleImage|Mixed Platforms.Build.0 = SingleImage
		{DD92FBAB-2757-4D2E-8DBD-6750823BF12D}.SingleImage|x64.ActiveCfg = SingleImage
		{DD92FBAB-2757-4D2E-8DBD-6750823BF12D}.SingleImage|x64.Build.0 = SingleImage
		{DD92FBAB-2757-4D2E-8DBD-6750823BF12D}.SingleImage|x86.ActiveCfg = SingleImage
		{DD92FBAB-2757-4D2E-8DBD-6750823BF12D}.SingleImage|x86.Build.0 = SingleImage
		{77E4B543-CA52-4EA9-9905-F80BEA1D7A30}.CD_ROM|Any CPU.ActiveCfg = CD_ROM
		{77E4B543-CA52-4EA9-9905-F80BEA1D7A30}.CD_ROM|Any CPU.Build.0 = CD_ROM
		{77E4B543-CA52-4EA9-9905-F80BEA1D7A30}.CD_ROM|Mixed Platforms.ActiveCfg = CD_ROM
		{77E4B543-CA52-4EA9-9905-F80BEA1D7A30}.CD_ROM|Mixed Platforms.Build.0 = CD_ROM
		{77E4B543-CA52-4EA9-9905-F80BEA1D7A30}.CD_ROM|x64.ActiveCfg = CD_ROM
		{77E4B543-CA52-4EA9-9905-F80BEA1D7A30}.CD_ROM|x64.Build.0 = CD_ROM
		{77E4B543-CA52-4EA9-9905-F80BEA1D7A30}.CD_ROM|x86.ActiveCfg = CD_ROM
		{77E4B543-CA52-4EA9-9905-F80BEA1D7A30}.CD_ROM|x86.Build.0 = CD_ROM
		{77E4B543-CA52-4EA9-9905-F80BEA1D7A30}.Debug|Any CPU.ActiveCfg = DVD-5
		{77E4B543-CA52-4EA9-9905-F80BEA1D7A30}.Debug|Any CPU.Build.0 = DVD-5
		{77E4B543-CA52-4EA9-9905-F80BEA1D7A30}.Debug|Mixed Platforms.ActiveCfg = DVD-5
		{77E4B543-CA52-4EA9-9905-F80BEA1D7A30}.Debug|Mixed Platforms.Build.0 = DVD-5
		{77E4B543-CA52-4EA9-9905-F80BEA1D7A30}.Debug|x64.ActiveCfg = DVD-5
		{77E4B543-CA52-4EA9-9905-F80BEA1D7A30}.Debug|x64.Build.0 = DVD-5
		{77E4B543-CA52-4EA9-9905-F80BEA1D7A30}.Debug|x86.ActiveCfg = DVD-5
		{77E4B543-CA52-4EA9-9905-F80BEA1D7A30}.Debug|x86.Build.0 = DVD-5
		{77E4B543-CA52-4EA9-9905-F80BEA1D7A30}.DVD-5|Any CPU.ActiveCfg = DVD-5
		{77E4B543-CA52-4EA9-9905-F80BEA1D7A30}.DVD-5|Any CPU.Build.0 = DVD-5
		{77E4B543-CA52-4EA9-9905-F80BEA1D7A30}.DVD-5|Mixed Platforms.ActiveCfg = DVD-5
		{77E4B543-CA52-4EA9-9905-F80BEA1D7A30}.DVD-5|Mixed Platforms.Build.0 = DVD-5
		{77E4B543-CA52-4EA9-9905-F80BEA1D7A30}.DVD-5|x64.ActiveCfg = DVD-5
		{77E4B543-CA52-4EA9-9905-F80BEA1D7A30}.DVD-5|x64.Build.0 = DVD-5
		{77E4B543-CA52-4EA9-9905-F80BEA1D7A30}.DVD-5|x86.ActiveCfg = DVD-5
		{77E4B543-CA52-4EA9-9905-F80BEA1D7A30}.DVD-5|x86.Build.0 = DVD-5
		{77E4B543-CA52-4EA9-9905-F80BEA1D7A30}.Release|Any CPU.ActiveCfg = SingleImage
		{77E4B543-CA52-4EA9-9905-F80BEA1D7A30}.Release|Any CPU.Build.0 = SingleImage
		{77E4B543-CA52-4EA9-9905-F80BEA1D7A30}.Release|Mixed Platforms.ActiveCfg = SingleImage
		{77E4B543-CA52-4EA9-9905-F80BEA1D7A30}.Release|Mixed Platforms.Build.0 = SingleImage
		{77E4B543-CA52-4EA9-9905-F80BEA1D7A30}.Release|x64.ActiveCfg = SingleImage
		{77E4B543-CA52-4EA9-9905-F80BEA1D7A30}.Release|x64.Build.0 = SingleImage
		{77E4B543-CA52-4EA9-9905-F80BEA1D7A30}.Release|x86.ActiveCfg = SingleImage
		{77E4B543-CA52-4EA9-9905-F80BEA1D7A30}.Release|x86.Build.0 = SingleImage
		{77E4B543-CA52-4EA9-9905-F80BEA1D7A30}.SingleImage|Any CPU.ActiveCfg = SingleImage
		{77E4B543-CA52-4EA9-9905-F80BEA1D7A30}.SingleImage|Any CPU.Build.0 = SingleImage
		{77E4B543-CA52-4EA9-9905-F80BEA1D7A30}.SingleImage|Mixed Platforms.ActiveCfg = SingleImage
		{77E4B543-CA52-4EA9-9905-F80BEA1D7A30}.SingleImage|Mixed Platforms.Build.0 = SingleImage
		{77E4B543-CA52-4EA9-9905-F80BEA1D7A30}.SingleImage|x64.ActiveCfg = SingleImage
		{77E4B543-CA52-4EA9-9905-F80BEA1D7A30}.SingleImage|x64.Build.0 = SingleImage
		{77E4B543-CA52-4EA9-9905-F80BEA1D7A30}.SingleImage|x86.ActiveCfg = SingleImage
		{77E4B543-CA52-4EA9-9905-F80BEA1D7A30}.SingleImage|x86.Build.0 = SingleImage
		{D76E1D80-2445-4954-9FF2-B0937998E037}.CD_ROM|Any CPU.ActiveCfg = CD_ROM
		{D76E1D80-2445-4954-9FF2-B0937998E037}.CD_ROM|Any CPU.Build.0 = CD_ROM
		{D76E1D80-2445-4954-9FF2-B0937998E037}.CD_ROM|Mixed Platforms.ActiveCfg = CD_ROM
		{D76E1D80-2445-4954-9FF2-B0937998E037}.CD_ROM|Mixed Platforms.Build.0 = CD_ROM
		{D76E1D80-2445-4954-9FF2-B0937998E037}.CD_ROM|x64.ActiveCfg = CD_ROM
		{D76E1D80-2445-4954-9FF2-B0937998E037}.CD_ROM|x64.Build.0 = CD_ROM
		{D76E1D80-2445-4954-9FF2-B0937998E037}.CD_ROM|x86.ActiveCfg = CD_ROM
		{D76E1D80-2445-4954-9FF2-B0937998E037}.CD_ROM|x86.Build.0 = CD_ROM
		{D76E1D80-2445-4954-9FF2-B0937998E037}.Debug|Any CPU.ActiveCfg = DVD-5
		{D76E1D80-2445-4954-9FF2-B0937998E037}.Debug|Any CPU.Build.0 = DVD-5
		{D76E1D80-2445-4954-9FF2-B0937998E037}.Debug|Mixed Platforms.ActiveCfg = DVD-5
		{D76E1D80-2445-4954-9FF2-B0937998E037}.Debug|Mixed Platforms.Build.0 = DVD-5
		{D76E1D80-2445-4954-9FF2-B0937998E037}.Debug|x64.ActiveCfg = DVD-5
		{D76E1D80-2445-4954-9FF2-B0937998E037}.Debug|x64.Build.0 = DVD-5
		{D76E1D80-2445-4954-9FF2-B0937998E037}.Debug|x86.ActiveCfg = DVD-5
		{D76E1D80-2445-4954-9FF2-B0937998E037}.Debug|x86.Build.0 = DVD-5
		{D76E1D80-2445-4954-9FF2-B0937998E037}.DVD-5|Any CPU.ActiveCfg = DVD-5
		{D76E1D80-2445-4954-9FF2-B0937998E037}.DVD-5|Any CPU.Build.0 = DVD-5
		{D76E1D80-2445-4954-9FF2-B0937998E037}.DVD-5|Mixed Platforms.ActiveCfg = DVD-5
		{D76E1D80-2445-4954-9FF2-B0937998E037}.DVD-5|Mixed Platforms.Build.0 = DVD-5
		{D76E1D80-2445-4954-9FF2-B0937998E037}.DVD-5|x64.ActiveCfg = DVD-5
		{D76E1D80-2445-4954-9FF2-B0937998E037}.DVD-5|x64.Build.0 = DVD-5
		{D76E1D80-2445-4954-9FF2-B0937998E037}.DVD-5|x86.ActiveCfg = DVD-5
		{D76E1D80-2445-4954-9FF2-B0937998E037}.DVD-5|x86.Build.0 = DVD-5
		{D76E1D80-2445-4954-9FF2-B0937998E037}.Release|Any CPU.ActiveCfg = SingleImage
		{D76E1D80-2445-4954-9FF2-B0937998E037}.Release|Any CPU.Build.0 = SingleImage
		{D76E1D80-2445-4954-9FF2-B0937998E037}.Release|Mixed Platforms.ActiveCfg = SingleImage
		{D76E1D80-2445-4954-9FF2-B0937998E037}.Release|Mixed Platforms.Build.0 = SingleImage
		{D76E1D80-2445-4954-9FF2-B0937998E037}.Release|x64.ActiveCfg = SingleImage
		{D76E1D80-2445-4954-9FF2-B0937998E037}.Release|x64.Build.0 = SingleImage
		{D76E1D80-2445-4954-9FF2-B0937998E037}.Release|x86.ActiveCfg = SingleImage
		{D76E1D80-2445-4954-9FF2-B0937998E037}.Release|x86.Build.0 = SingleImage
		{D76E1D80-2445-4954-9FF2-B0937998E037}.SingleImage|Any CPU.ActiveCfg = SingleImage
		{D76E1D80-2445-4954-9FF2-B0937998E037}.SingleImage|Any CPU.Build.0 = SingleImage
		{D76E1D80-2445-4954-9FF2-B0937998E037}.SingleImage|Mixed Platforms.ActiveCfg = SingleImage
		{D76E1D80-2445-4954-9FF2-B0937998E037}.SingleImage|Mixed Platforms.Build.0 = SingleImage
		{D76E1D80-2445-4954-9FF2-B0937998E037}.SingleImage|x64.ActiveCfg = SingleImage
		{D76E1D80-2445-4954-9FF2-B0937998E037}.SingleImage|x64.Build.0 = SingleImage
		{D76E1D80-2445-4954-9FF2-B0937998E037}.SingleImage|x86.ActiveCfg = SingleImage
		{D76E1D80-2445-4954-9FF2-B0937998E037}.SingleImage|x86.Build.0 = SingleImage
		{6082086D-F917-41EB-BD51-86178DC8DBC3}.CD_ROM|Any CPU.ActiveCfg = CD_ROM
		{6082086D-F917-41EB-BD51-86178DC8DBC3}.CD_ROM|Any CPU.Build.0 = CD_ROM
		{6082086D-F917-41EB-BD51-86178DC8DBC3}.CD_ROM|Mixed Platforms.ActiveCfg = CD_ROM
		{6082086D-F917-41EB-BD51-86178DC8DBC3}.CD_ROM|Mixed Platforms.Build.0 = CD_ROM
		{6082086D-F917-41EB-BD51-86178DC8DBC3}.CD_ROM|x64.ActiveCfg = CD_ROM
		{6082086D-F917-41EB-BD51-86178DC8DBC3}.CD_ROM|x64.Build.0 = CD_ROM
		{6082086D-F917-41EB-BD51-86178DC8DBC3}.CD_ROM|x86.ActiveCfg = CD_ROM
		{6082086D-F917-41EB-BD51-86178DC8DBC3}.CD_ROM|x86.Build.0 = CD_ROM
		{6082086D-F917-41EB-BD51-86178DC8DBC3}.Debug|Any CPU.ActiveCfg = DVD-5
		{6082086D-F917-41EB-BD51-86178DC8DBC3}.Debug|Any CPU.Build.0 = DVD-5
		{6082086D-F917-41EB-BD51-86178DC8DBC3}.Debug|Mixed Platforms.ActiveCfg = DVD-5
		{6082086D-F917-41EB-BD51-86178DC8DBC3}.Debug|Mixed Platforms.Build.0 = DVD-5
		{6082086D-F917-41EB-BD51-86178DC8DBC3}.Debug|x64.ActiveCfg = DVD-5
		{6082086D-F917-41EB-BD51-86178DC8DBC3}.Debug|x64.Build.0 = DVD-5
		{6082086D-F917-41EB-BD51-86178DC8DBC3}.Debug|x86.ActiveCfg = DVD-5
		{6082086D-F917-41EB-BD51-86178DC8DBC3}.Debug|x86.Build.0 = DVD-5
		{6082086D-F917-41EB-BD51-86178DC8DBC3}.DVD-5|Any CPU.ActiveCfg = DVD-5
		{6082086D-F917-41EB-BD51-86178DC8DBC3}.DVD-5|Any CPU.Build.0 = DVD-5
		{6082086D-F917-41EB-BD51-86178DC8DBC3}.DVD-5|Mixed Platforms.ActiveCfg = DVD-5
		{6082086D-F917-41EB-BD51-86178DC8DBC3}.DVD-5|Mixed Platforms.Build.0 = DVD-5
		{6082086D-F917-41EB-BD51-86178DC8DBC3}.DVD-5|x64.ActiveCfg = DVD-5
		{6082086D-F917-41EB-BD51-86178DC8DBC3}.DVD-5|x64.Build.0 = DVD-5
		{6082086D-F917-41EB-BD51-86178DC8DBC3}.DVD-5|x86.ActiveCfg = DVD-5
		{6082086D-F917-41EB-BD51-86178DC8DBC3}.DVD-5|x86.Build.0 = DVD-5
		{6082086D-F917-41EB-BD51-86178DC8DBC3}.Release|Any CPU.ActiveCfg = SingleImage
		{6082086D-F917-41EB-BD51-86178DC8DBC3}.Release|Any CPU.Build.0 = SingleImage
		{6082086D-F917-41EB-BD51-86178DC8DBC3}.Release|Mixed Platforms.ActiveCfg = SingleImage
		{6082086D-F917-41EB-BD51-86178DC8DBC3}.Release|Mixed Platforms.Build.0 = SingleImage
		{6082086D-F917-41EB-BD51-86178DC8DBC3}.Release|x64.ActiveCfg = SingleImage
		{6082086D-F917-41EB-BD51-86178DC8DBC3}.Release|x64.Build.0 = SingleImage
		{6082086D-F917-41EB-BD51-86178DC8DBC3}.Release|x86.ActiveCfg = SingleImage
		{6082086D-F917-41EB-BD51-86178DC8DBC3}.Release|x86.Build.0 = SingleImage
		{6082086D-F917-41EB-BD51-86178DC8DBC3}.SingleImage|Any CPU.ActiveCfg = SingleImage
		{6082086D-F917-41EB-BD51-86178DC8DBC3}.SingleImage|Any CPU.Build.0 = SingleImage
		{6082086D-F917-41EB-BD51-86178DC8DBC3}.SingleImage|Mixed Platforms.ActiveCfg = SingleImage
		{6082086D-F917-41EB-BD51-86178DC8DBC3}.SingleImage|Mixed Platforms.Build.0 = SingleImage
		{6082086D-F917-41EB-BD51-86178DC8DBC3}.SingleImage|x64.ActiveCfg = SingleImage
		{6082086D-F917-41EB-BD51-86178DC8DBC3}.SingleImage|x64.Build.0 = SingleImage
		{6082086D-F917-41EB-BD51-86178DC8DBC3}.SingleImage|x86.ActiveCfg = SingleImage
		{6082086D-F917-41EB-BD51-86178DC8DBC3}.SingleImage|x86.Build.0 = SingleImage
		{A62F689B-D9C7-4313-8322-699A6414DDF1}.CD_ROM|Any CPU.ActiveCfg = Debug|x86
		{A62F689B-D9C7-4313-8322-699A6414DDF1}.CD_ROM|Mixed Platforms.ActiveCfg = Debug|x86
		{A62F689B-D9C7-4313-8322-699A6414DDF1}.CD_ROM|x64.ActiveCfg = Debug|x86
		{A62F689B-D9C7-4313-8322-699A6414DDF1}.CD_ROM|x86.ActiveCfg = Debug|x86
		{A62F689B-D9C7-4313-8322-699A6414DDF1}.Debug|Any CPU.ActiveCfg = Debug|x86
		{A62F689B-D9C7-4313-8322-699A6414DDF1}.Debug|Mixed Platforms.ActiveCfg = Debug|x86
		{A62F689B-D9C7-4313-8322-699A6414DDF1}.Debug|x64.ActiveCfg = Debug|x86
		{A62F689B-D9C7-4313-8322-699A6414DDF1}.Debug|x86.ActiveCfg = Debug|x86
		{A62F689B-D9C7-4313-8322-699A6414DDF1}.DVD-5|Any CPU.ActiveCfg = Debug|x86
		{A62F689B-D9C7-4313-8322-699A6414DDF1}.DVD-5|Mixed Platforms.ActiveCfg = Debug|x86
		{A62F689B-D9C7-4313-8322-699A6414DDF1}.DVD-5|x64.ActiveCfg = Debug|x86
		{A62F689B-D9C7-4313-8322-699A6414DDF1}.DVD-5|x86.ActiveCfg = Debug|x86
		{A62F689B-D9C7-4313-8322-699A6414DDF1}.Release|Any CPU.ActiveCfg = Debug|x86
		{A62F689B-D9C7-4313-8322-699A6414DDF1}.Release|Mixed Platforms.ActiveCfg = Debug|x86
		{A62F689B-D9C7-4313-8322-699A6414DDF1}.Release|x64.ActiveCfg = Debug|x86
		{A62F689B-D9C7-4313-8322-699A6414DDF1}.Release|x86.ActiveCfg = Debug|x86
		{A62F689B-D9C7-4313-8322-699A6414DDF1}.SingleImage|Any CPU.ActiveCfg = Debug|x86
		{A62F689B-D9C7-4313-8322-699A6414DDF1}.SingleImage|Mixed Platforms.ActiveCfg = Debug|x86
		{A62F689B-D9C7-4313-8322-699A6414DDF1}.SingleImage|x64.ActiveCfg = Debug|x86
		{A62F689B-D9C7-4313-8322-699A6414DDF1}.SingleImage|x86.ActiveCfg = Debug|x86
		{AD23B567-B4BC-49B3-915F-10A48927A66D}.CD_ROM|Any CPU.ActiveCfg = Debug|x86
		{AD23B567-B4BC-49B3-915F-10A48927A66D}.CD_ROM|Mixed Platforms.ActiveCfg = Debug|x86
		{AD23B567-B4BC-49B3-915F-10A48927A66D}.CD_ROM|x64.ActiveCfg = Debug|x86
		{AD23B567-B4BC-49B3-915F-10A48927A66D}.CD_ROM|x86.ActiveCfg = Debug|x86
		{AD23B567-B4BC-49B3-915F-10A48927A66D}.Debug|Any CPU.ActiveCfg = Debug|x86
		{AD23B567-B4BC-49B3-915F-10A48927A66D}.Debug|Mixed Platforms.ActiveCfg = Debug|x86
		{AD23B567-B4BC-49B3-915F-10A48927A66D}.Debug|x64.ActiveCfg = Debug|x86
		{AD23B567-B4BC-49B3-915F-10A48927A66D}.Debug|x86.ActiveCfg = Debug|x86
		{AD23B567-B4BC-49B3-915F-10A48927A66D}.DVD-5|Any CPU.ActiveCfg = Debug|x86
		{AD23B567-B4BC-49B3-915F-10A48927A66D}.DVD-5|Mixed Platforms.ActiveCfg = Debug|x86
		{AD23B567-B4BC-49B3-915F-10A48927A66D}.DVD-5|x64.ActiveCfg = Debug|x86
		{AD23B567-B4BC-49B3-915F-10A48927A66D}.DVD-5|x86.ActiveCfg = Debug|x86
		{AD23B567-B4BC-49B3-915F-10A48927A66D}.Release|Any CPU.ActiveCfg = Debug|x86
		{AD23B567-B4BC-49B3-915F-10A48927A66D}.Release|Mixed Platforms.ActiveCfg = Debug|x86
		{AD23B567-B4BC-49B3-915F-10A48927A66D}.Release|x64.ActiveCfg = Debug|x86
		{AD23B567-B4BC-49B3-915F-10A48927A66D}.Release|x86.ActiveCfg = Debug|x86
		{AD23B567-B4BC-49B3-915F-10A48927A66D}.SingleImage|Any CPU.ActiveCfg = Debug|x86
		{AD23B567-B4BC-49B3-915F-10A48927A66D}.SingleImage|Mixed Platforms.ActiveCfg = Debug|x86
		{AD23B567-B4BC-49B3-915F-10A48927A66D}.SingleImage|x64.ActiveCfg = Debug|x86
		{AD23B567-B4BC-49B3-915F-10A48927A66D}.SingleImage|x86.ActiveCfg = Debug|x86
	EndGlobalSection
	GlobalSection(SolutionProperties) = preSolution
		HideSolutionNode = FALSE
	EndGlobalSection
	GlobalSection(NestedProjects) = preSolution
		{A62F689B-D9C7-4313-8322-699A6414DDF1} = {E55C0163-7B2C-4FC1-BE26-02D0F6C35B85}
		{AD23B567-B4BC-49B3-915F-10A48927A66D} = {E55C0163-7B2C-4FC1-BE26-02D0F6C35B85}
	EndGlobalSection
EndGlobal
